
Microsoft Visual Studio Solution File, Format Version 12.00
# Visual Studio Version 17
VisualStudioVersion = 17.3.32825.248
MinimumVisualStudioVersion = 10.0.40219.1
Project("{8BC9CEB8-8B4A-11D0-8D11-00A0C91BC942}") = "ThMouseX", "ThMouseX\ThMouseX.vcxproj", "{256B0D2C-0296-4D8F-ADE8-79E544649D69}"
EndProject
Project("{8BC9CEB8-8B4A-11D0-8D11-00A0C91BC942}") = "Common", "Common\Common.vcxproj", "{47C2EE88-18D4-4367-8E67-6DAA01AB4451}"
	ProjectSection(ProjectDependencies) = postProject
		{081B19A5-F06F-45DB-8E83-391DD407DDA4} = {081B19A5-F06F-45DB-8E83-391DD407DDA4}
	EndProjectSection
EndProject
Project("{9A19103F-16F7-4668-BE54-9A1E7A4F7556}") = "NeoLuaBootstrap", "NeoLuaBootstrap\NeoLuaBootstrap.csproj", "{081B19A5-F06F-45DB-8E83-391DD407DDA4}"
EndProject
Project("{9A19103F-16F7-4668-BE54-9A1E7A4F7556}") = "ThMouseXGUI", "ThMouseXGUI\ThMouseXGUI.csproj", "{D91DA069-F70E-4961-A49C-AB7CE1923FFD}"
	ProjectSection(ProjectDependencies) = postProject
		{256B0D2C-0296-4D8F-ADE8-79E544649D69} = {256B0D2C-0296-4D8F-ADE8-79E544649D69}
	EndProjectSection
EndProject
Project("{2150E333-8FDC-42A3-9474-1A3956D46DE8}") = "Solution Items", "Solution Items", "{B337E9DD-BB1B-4851-B933-05C75CB5D9AC}"
	ProjectSection(SolutionItems) = preProject
		vcpkg.json = vcpkg.json
	EndProjectSection
EndProject
Project("{2150E333-8FDC-42A3-9474-1A3956D46DE8}") = "vcpkg_custom_ports", "vcpkg_custom_ports", "{0BC970E8-88F7-409A-A19C-864968D63227}"
EndProject
Project("{2150E333-8FDC-42A3-9474-1A3956D46DE8}") = "inipp", "inipp", "{044C7786-B635-46BD-874B-EF75F6B0DE2B}"
	ProjectSection(SolutionItems) = preProject
		vcpkg_custom_ports\inipp\portfile.cmake = vcpkg_custom_ports\inipp\portfile.cmake
		vcpkg_custom_ports\inipp\vcpkg.json = vcpkg_custom_ports\inipp\vcpkg.json
	EndProjectSection
EndProject
Project("{8BC9CEB8-8B4A-11D0-8D11-00A0C91BC942}") = "Utility", "Utility\Utility.vcxproj", "{79B700FB-2407-4280-A89F-12B0ECCD2D0B}"
	ProjectSection(ProjectDependencies) = postProject
		{47C2EE88-18D4-4367-8E67-6DAA01AB4451} = {47C2EE88-18D4-4367-8E67-6DAA01AB4451}
	EndProjectSection
EndProject
Global
	GlobalSection(SolutionConfigurationPlatforms) = preSolution
		Debug|Any CPU = Debug|Any CPU
		Debug|x64 = Debug|x64
		Debug|x86 = Debug|x86
		Release|Any CPU = Release|Any CPU
		Release|x64 = Release|x64
		Release|x86 = Release|x86
	EndGlobalSection
	GlobalSection(ProjectConfigurationPlatforms) = postSolution
		{256B0D2C-0296-4D8F-ADE8-79E544649D69}.Debug|Any CPU.ActiveCfg = Debug|x64
		{256B0D2C-0296-4D8F-ADE8-79E544649D69}.Debug|Any CPU.Build.0 = Debug|x64
		{256B0D2C-0296-4D8F-ADE8-79E544649D69}.Debug|x64.ActiveCfg = Debug|x64
		{256B0D2C-0296-4D8F-ADE8-79E544649D69}.Debug|x64.Build.0 = Debug|x64
		{256B0D2C-0296-4D8F-ADE8-79E544649D69}.Debug|x86.ActiveCfg = Debug|Win32
		{256B0D2C-0296-4D8F-ADE8-79E544649D69}.Debug|x86.Build.0 = Debug|Win32
		{256B0D2C-0296-4D8F-ADE8-79E544649D69}.Release|Any CPU.ActiveCfg = Release|x64
		{256B0D2C-0296-4D8F-ADE8-79E544649D69}.Release|Any CPU.Build.0 = Release|x64
		{256B0D2C-0296-4D8F-ADE8-79E544649D69}.Release|x64.ActiveCfg = Release|x64
		{256B0D2C-0296-4D8F-ADE8-79E544649D69}.Release|x64.Build.0 = Release|x64
		{256B0D2C-0296-4D8F-ADE8-79E544649D69}.Release|x86.ActiveCfg = Release|Win32
		{256B0D2C-0296-4D8F-ADE8-79E544649D69}.Release|x86.Build.0 = Release|Win32
		{47C2EE88-18D4-4367-8E67-6DAA01AB4451}.Debug|Any CPU.ActiveCfg = Debug|x64
		{47C2EE88-18D4-4367-8E67-6DAA01AB4451}.Debug|Any CPU.Build.0 = Debug|x64
		{47C2EE88-18D4-4367-8E67-6DAA01AB4451}.Debug|x64.ActiveCfg = Debug|x64
		{47C2EE88-18D4-4367-8E67-6DAA01AB4451}.Debug|x64.Build.0 = Debug|x64
		{47C2EE88-18D4-4367-8E67-6DAA01AB4451}.Debug|x86.ActiveCfg = Debug|Win32
		{47C2EE88-18D4-4367-8E67-6DAA01AB4451}.Debug|x86.Build.0 = Debug|Win32
		{47C2EE88-18D4-4367-8E67-6DAA01AB4451}.Release|Any CPU.ActiveCfg = Release|x64
		{47C2EE88-18D4-4367-8E67-6DAA01AB4451}.Release|Any CPU.Build.0 = Release|x64
		{47C2EE88-18D4-4367-8E67-6DAA01AB4451}.Release|x64.ActiveCfg = Release|x64
		{47C2EE88-18D4-4367-8E67-6DAA01AB4451}.Release|x64.Build.0 = Release|x64
		{47C2EE88-18D4-4367-8E67-6DAA01AB4451}.Release|x86.ActiveCfg = Release|Win32
		{47C2EE88-18D4-4367-8E67-6DAA01AB4451}.Release|x86.Build.0 = Release|Win32
		{081B19A5-F06F-45DB-8E83-391DD407DDA4}.Debug|Any CPU.ActiveCfg = Debug|Any CPU
		{081B19A5-F06F-45DB-8E83-391DD407DDA4}.Debug|Any CPU.Build.0 = Debug|Any CPU
		{081B19A5-F06F-45DB-8E83-391DD407DDA4}.Debug|x64.ActiveCfg = Debug|Any CPU
		{081B19A5-F06F-45DB-8E83-391DD407DDA4}.Debug|x64.Build.0 = Debug|Any CPU
		{081B19A5-F06F-45DB-8E83-391DD407DDA4}.Debug|x86.ActiveCfg = Debug|Any CPU
		{081B19A5-F06F-45DB-8E83-391DD407DDA4}.Debug|x86.Build.0 = Debug|Any CPU
		{081B19A5-F06F-45DB-8E83-391DD407DDA4}.Release|Any CPU.ActiveCfg = Release|Any CPU
		{081B19A5-F06F-45DB-8E83-391DD407DDA4}.Release|Any CPU.Build.0 = Release|Any CPU
		{081B19A5-F06F-45DB-8E83-391DD407DDA4}.Release|x64.ActiveCfg = Release|Any CPU
		{081B19A5-F06F-45DB-8E83-391DD407DDA4}.Release|x64.Build.0 = Release|Any CPU
		{081B19A5-F06F-45DB-8E83-391DD407DDA4}.Release|x86.ActiveCfg = Release|Any CPU
		{081B19A5-F06F-45DB-8E83-391DD407DDA4}.Release|x86.Build.0 = Release|Any CPU
		{D91DA069-F70E-4961-A49C-AB7CE1923FFD}.Debug|Any CPU.ActiveCfg = Debug|Any CPU
		{D91DA069-F70E-4961-A49C-AB7CE1923FFD}.Debug|Any CPU.Build.0 = Debug|Any CPU
		{D91DA069-F70E-4961-A49C-AB7CE1923FFD}.Debug|x64.ActiveCfg = Debug|Any CPU
		{D91DA069-F70E-4961-A49C-AB7CE1923FFD}.Debug|x64.Build.0 = Debug|Any CPU
		{D91DA069-F70E-4961-A49C-AB7CE1923FFD}.Debug|x86.ActiveCfg = Debug|Any CPU
		{D91DA069-F70E-4961-A49C-AB7CE1923FFD}.Debug|x86.Build.0 = Debug|Any CPU
		{D91DA069-F70E-4961-A49C-AB7CE1923FFD}.Release|Any CPU.ActiveCfg = Release|Any CPU
		{D91DA069-F70E-4961-A49C-AB7CE1923FFD}.Release|Any CPU.Build.0 = Release|Any CPU
		{D91DA069-F70E-4961-A49C-AB7CE1923FFD}.Release|x64.ActiveCfg = Release|Any CPU
		{D91DA069-F70E-4961-A49C-AB7CE1923FFD}.Release|x64.Build.0 = Release|Any CPU
		{D91DA069-F70E-4961-A49C-AB7CE1923FFD}.Release|x86.ActiveCfg = Release|Any CPU
		{D91DA069-F70E-4961-A49C-AB7CE1923FFD}.Release|x86.Build.0 = Release|Any CPU
		{79B700FB-2407-4280-A89F-12B0ECCD2D0B}.Debug|Any CPU.ActiveCfg = Debug|x64
		{79B700FB-2407-4280-A89F-12B0ECCD2D0B}.Debug|Any CPU.Build.0 = Debug|x64
		{79B700FB-2407-4280-A89F-12B0ECCD2D0B}.Debug|x64.ActiveCfg = Debug|x64
		{79B700FB-2407-4280-A89F-12B0ECCD2D0B}.Debug|x64.Build.0 = Debug|x64
		{79B700FB-2407-4280-A89F-12B0ECCD2D0B}.Debug|x86.ActiveCfg = Debug|Win32
		{79B700FB-2407-4280-A89F-12B0ECCD2D0B}.Debug|x86.Build.0 = Debug|Win32
		{79B700FB-2407-4280-A89F-12B0ECCD2D0B}.Release|Any CPU.ActiveCfg = Release|x64
		{79B700FB-2407-4280-A89F-12B0ECCD2D0B}.Release|Any CPU.Build.0 = Release|x64
		{79B700FB-2407-4280-A89F-12B0ECCD2D0B}.Release|x64.ActiveCfg = Release|x64
		{79B700FB-2407-4280-A89F-12B0ECCD2D0B}.Release|x64.Build.0 = Release|x64
		{79B700FB-2407-4280-A89F-12B0ECCD2D0B}.Release|x86.ActiveCfg = Release|Win32
		{79B700FB-2407-4280-A89F-12B0ECCD2D0B}.Release|x86.Build.0 = Release|Win32
	EndGlobalSection
	GlobalSection(SolutionProperties) = preSolution
		HideSolutionNode = FALSE
	EndGlobalSection
	GlobalSection(NestedProjects) = preSolution
		{0BC970E8-88F7-409A-A19C-864968D63227} = {B337E9DD-BB1B-4851-B933-05C75CB5D9AC}
		{044C7786-B635-46BD-874B-EF75F6B0DE2B} = {0BC970E8-88F7-409A-A19C-864968D63227}
	EndGlobalSection
	GlobalSection(ExtensibilityGlobals) = postSolution
		SolutionGuid = {B04EB577-D4A9-409A-8E97-AC2E350FEE6B}
	EndGlobalSection
EndGlobal
