
Microsoft Visual Studio Solution File, Format Version 12.00
# Visual Studio Version 17
VisualStudioVersion = 17.3.32825.248
MinimumVisualStudioVersion = 10.0.40219.1
Project("{8BC9CEB8-8B4A-11D0-8D11-00A0C91BC942}") = "THMouseX", "ThMouseX\ThMouseX.vcxproj", "{0FA9DE0E-B696-468D-9178-E85B228CAB70}"
EndProject
Project("{8BC9CEB8-8B4A-11D0-8D11-00A0C91BC942}") = "ThMCore", "ThMCore\ThMCore.vcxproj", "{256B0D2C-0296-4D8F-ADE8-79E544649D69}"
EndProject
Project("{8BC9CEB8-8B4A-11D0-8D11-00A0C91BC942}") = "DX8Hook", "DX8Hook\DX8Hook.vcxproj", "{DC5FE77D-43D4-4CC6-9AD2-409716483DBF}"
EndProject
Project("{8BC9CEB8-8B4A-11D0-8D11-00A0C91BC942}") = "Common", "Common\Common.vcxproj", "{47C2EE88-18D4-4367-8E67-6DAA01AB4451}"
	ProjectSection(ProjectDependencies) = postProject
		{081B19A5-F06F-45DB-8E83-391DD407DDA4} = {081B19A5-F06F-45DB-8E83-391DD407DDA4}
	EndProjectSection
EndProject
Project("{FAE04EC0-301F-11D3-BF4B-00C04F79EFBC}") = "NeoLuaBootstrap", "NeoLuaBootstrap\NeoLuaBootstrap.csproj", "{081B19A5-F06F-45DB-8E83-391DD407DDA4}"
EndProject
Global
	GlobalSection(SolutionConfigurationPlatforms) = preSolution
		Debug|Any CPU = Debug|Any CPU
		Debug|x64 = Debug|x64
		Debug|x86 = Debug|x86
		Release|Any CPU = Release|Any CPU
		Release|x64 = Release|x64
		Release|x86 = Release|x86
	EndGlobalSection
	GlobalSection(ProjectConfigurationPlatforms) = postSolution
		{0FA9DE0E-B696-468D-9178-E85B228CAB70}.Debug|Any CPU.ActiveCfg = Debug|x64
		{0FA9DE0E-B696-468D-9178-E85B228CAB70}.Debug|Any CPU.Build.0 = Debug|x64
		{0FA9DE0E-B696-468D-9178-E85B228CAB70}.Debug|x64.ActiveCfg = Debug|x64
		{0FA9DE0E-B696-468D-9178-E85B228CAB70}.Debug|x64.Build.0 = Debug|x64
		{0FA9DE0E-B696-468D-9178-E85B228CAB70}.Debug|x86.ActiveCfg = Debug|Win32
		{0FA9DE0E-B696-468D-9178-E85B228CAB70}.Debug|x86.Build.0 = Debug|Win32
		{0FA9DE0E-B696-468D-9178-E85B228CAB70}.Release|Any CPU.ActiveCfg = Release|x64
		{0FA9DE0E-B696-468D-9178-E85B228CAB70}.Release|Any CPU.Build.0 = Release|x64
		{0FA9DE0E-B696-468D-9178-E85B228CAB70}.Release|x64.ActiveCfg = Release|x64
		{0FA9DE0E-B696-468D-9178-E85B228CAB70}.Release|x64.Build.0 = Release|x64
		{0FA9DE0E-B696-468D-9178-E85B228CAB70}.Release|x86.ActiveCfg = Release|Win32
		{0FA9DE0E-B696-468D-9178-E85B228CAB70}.Release|x86.Build.0 = Release|Win32
		{256B0D2C-0296-4D8F-ADE8-79E544649D69}.Debug|Any CPU.ActiveCfg = Debug|x64
		{256B0D2C-0296-4D8F-ADE8-79E544649D69}.Debug|Any CPU.Build.0 = Debug|x64
		{256B0D2C-0296-4D8F-ADE8-79E544649D69}.Debug|x64.ActiveCfg = Debug|x64
		{256B0D2C-0296-4D8F-ADE8-79E544649D69}.Debug|x64.Build.0 = Debug|x64
		{256B0D2C-0296-4D8F-ADE8-79E544649D69}.Debug|x86.ActiveCfg = Debug|Win32
		{256B0D2C-0296-4D8F-ADE8-79E544649D69}.Debug|x86.Build.0 = Debug|Win32
		{256B0D2C-0296-4D8F-ADE8-79E544649D69}.Release|Any CPU.ActiveCfg = Release|x64
		{256B0D2C-0296-4D8F-ADE8-79E544649D69}.Release|Any CPU.Build.0 = Release|x64
		{256B0D2C-0296-4D8F-ADE8-79E544649D69}.Release|x64.ActiveCfg = Release|x64
		{256B0D2C-0296-4D8F-ADE8-79E544649D69}.Release|x64.Build.0 = Release|x64
		{256B0D2C-0296-4D8F-ADE8-79E544649D69}.Release|x86.ActiveCfg = Release|Win32
		{256B0D2C-0296-4D8F-ADE8-79E544649D69}.Release|x86.Build.0 = Release|Win32
		{DC5FE77D-43D4-4CC6-9AD2-409716483DBF}.Debug|Any CPU.ActiveCfg = Debug|x64
		{DC5FE77D-43D4-4CC6-9AD2-409716483DBF}.Debug|Any CPU.Build.0 = Debug|x64
		{DC5FE77D-43D4-4CC6-9AD2-409716483DBF}.Debug|x64.ActiveCfg = Debug|x64
		{DC5FE77D-43D4-4CC6-9AD2-409716483DBF}.Debug|x64.Build.0 = Debug|x64
		{DC5FE77D-43D4-4CC6-9AD2-409716483DBF}.Debug|x86.ActiveCfg = Debug|Win32
		{DC5FE77D-43D4-4CC6-9AD2-409716483DBF}.Debug|x86.Build.0 = Debug|Win32
		{DC5FE77D-43D4-4CC6-9AD2-409716483DBF}.Release|Any CPU.ActiveCfg = Release|x64
		{DC5FE77D-43D4-4CC6-9AD2-409716483DBF}.Release|Any CPU.Build.0 = Release|x64
		{DC5FE77D-43D4-4CC6-9AD2-409716483DBF}.Release|x64.ActiveCfg = Release|x64
		{DC5FE77D-43D4-4CC6-9AD2-409716483DBF}.Release|x64.Build.0 = Release|x64
		{DC5FE77D-43D4-4CC6-9AD2-409716483DBF}.Release|x86.ActiveCfg = Release|Win32
		{DC5FE77D-43D4-4CC6-9AD2-409716483DBF}.Release|x86.Build.0 = Release|Win32
		{47C2EE88-18D4-4367-8E67-6DAA01AB4451}.Debug|Any CPU.ActiveCfg = Debug|x64
		{47C2EE88-18D4-4367-8E67-6DAA01AB4451}.Debug|Any CPU.Build.0 = Debug|x64
		{47C2EE88-18D4-4367-8E67-6DAA01AB4451}.Debug|x64.ActiveCfg = Debug|x64
		{47C2EE88-18D4-4367-8E67-6DAA01AB4451}.Debug|x64.Build.0 = Debug|x64
		{47C2EE88-18D4-4367-8E67-6DAA01AB4451}.Debug|x86.ActiveCfg = Debug|Win32
		{47C2EE88-18D4-4367-8E67-6DAA01AB4451}.Debug|x86.Build.0 = Debug|Win32
		{47C2EE88-18D4-4367-8E67-6DAA01AB4451}.Release|Any CPU.ActiveCfg = Release|x64
		{47C2EE88-18D4-4367-8E67-6DAA01AB4451}.Release|Any CPU.Build.0 = Release|x64
		{47C2EE88-18D4-4367-8E67-6DAA01AB4451}.Release|x64.ActiveCfg = Release|x64
		{47C2EE88-18D4-4367-8E67-6DAA01AB4451}.Release|x64.Build.0 = Release|x64
		{47C2EE88-18D4-4367-8E67-6DAA01AB4451}.Release|x86.ActiveCfg = Release|Win32
		{47C2EE88-18D4-4367-8E67-6DAA01AB4451}.Release|x86.Build.0 = Release|Win32
		{081B19A5-F06F-45DB-8E83-391DD407DDA4}.Debug|Any CPU.ActiveCfg = Debug|Any CPU
		{081B19A5-F06F-45DB-8E83-391DD407DDA4}.Debug|Any CPU.Build.0 = Debug|Any CPU
		{081B19A5-F06F-45DB-8E83-391DD407DDA4}.Debug|x64.ActiveCfg = Debug|Any CPU
		{081B19A5-F06F-45DB-8E83-391DD407DDA4}.Debug|x64.Build.0 = Debug|Any CPU
		{081B19A5-F06F-45DB-8E83-391DD407DDA4}.Debug|x86.ActiveCfg = Debug|Any CPU
		{081B19A5-F06F-45DB-8E83-391DD407DDA4}.Debug|x86.Build.0 = Debug|Any CPU
		{081B19A5-F06F-45DB-8E83-391DD407DDA4}.Release|Any CPU.ActiveCfg = Release|Any CPU
		{081B19A5-F06F-45DB-8E83-391DD407DDA4}.Release|Any CPU.Build.0 = Release|Any CPU
		{081B19A5-F06F-45DB-8E83-391DD407DDA4}.Release|x64.ActiveCfg = Release|Any CPU
		{081B19A5-F06F-45DB-8E83-391DD407DDA4}.Release|x64.Build.0 = Release|Any CPU
		{081B19A5-F06F-45DB-8E83-391DD407DDA4}.Release|x86.ActiveCfg = Release|Any CPU
		{081B19A5-F06F-45DB-8E83-391DD407DDA4}.Release|x86.Build.0 = Release|Any CPU
	EndGlobalSection
	GlobalSection(SolutionProperties) = preSolution
		HideSolutionNode = FALSE
	EndGlobalSection
	GlobalSection(ExtensibilityGlobals) = postSolution
		SolutionGuid = {B04EB577-D4A9-409A-8E97-AC2E350FEE6B}
	EndGlobalSection
EndGlobal
