
Microsoft Visual Studio Solution File, Format Version 12.00
# Visual Studio Version 17
VisualStudioVersion = 17.3.32825.248
MinimumVisualStudioVersion = 10.0.40219.1
Project("{8BC9CEB8-8B4A-11D0-8D11-00A0C91BC942}") = "ThMouseX", "ThMouseX\ThMouseX.vcxproj", "{256B0D2C-0296-4D8F-ADE8-79E544649D69}"
	ProjectSection(ProjectDependencies) = postProject
		{79B700FB-2407-4280-A89F-12B0ECCD2D0B} = {79B700FB-2407-4280-A89F-12B0ECCD2D0B}
		{CE569C03-02E0-48C0-9DE0-FF347D479E2F} = {CE569C03-02E0-48C0-9DE0-FF347D479E2F}
	EndProjectSection
EndProject
Project("{8BC9CEB8-8B4A-11D0-8D11-00A0C91BC942}") = "Common", "Common\Common.vcxproj", "{47C2EE88-18D4-4367-8E67-6DAA01AB4451}"
	ProjectSection(ProjectDependencies) = postProject
		{081B19A5-F06F-45DB-8E83-391DD407DDA4} = {081B19A5-F06F-45DB-8E83-391DD407DDA4}
		{85C40D1A-6337-41D8-BE38-B10DD73FB09E} = {85C40D1A-6337-41D8-BE38-B10DD73FB09E}
	EndProjectSection
EndProject
Project("{9A19103F-16F7-4668-BE54-9A1E7A4F7556}") = "NeoLuaBootstrap", "NeoLuaBootstrap\NeoLuaBootstrap.csproj", "{081B19A5-F06F-45DB-8E83-391DD407DDA4}"
EndProject
Project("{9A19103F-16F7-4668-BE54-9A1E7A4F7556}") = "ThMouseXGUI", "ThMouseXGUI\ThMouseXGUI.csproj", "{D91DA069-F70E-4961-A49C-AB7CE1923FFD}"
	ProjectSection(ProjectDependencies) = postProject
		{256B0D2C-0296-4D8F-ADE8-79E544649D69} = {256B0D2C-0296-4D8F-ADE8-79E544649D69}
		{CE569C03-02E0-48C0-9DE0-FF347D479E2F} = {CE569C03-02E0-48C0-9DE0-FF347D479E2F}
	EndProjectSection
EndProject
Project("{2150E333-8FDC-42A3-9474-1A3956D46DE8}") = "Solution Items", "Solution Items", "{B337E9DD-BB1B-4851-B933-05C75CB5D9AC}"
	ProjectSection(SolutionItems) = preProject
		vcpkg.json = vcpkg.json
	EndProjectSection
EndProject
Project("{2150E333-8FDC-42A3-9474-1A3956D46DE8}") = "vcpkg_custom_ports", "vcpkg_custom_ports", "{0BC970E8-88F7-409A-A19C-864968D63227}"
EndProject
Project("{2150E333-8FDC-42A3-9474-1A3956D46DE8}") = "inipp", "inipp", "{044C7786-B635-46BD-874B-EF75F6B0DE2B}"
	ProjectSection(SolutionItems) = preProject
		vcpkg_custom_ports\inipp\portfile.cmake = vcpkg_custom_ports\inipp\portfile.cmake
		vcpkg_custom_ports\inipp\vcpkg.json = vcpkg_custom_ports\inipp\vcpkg.json
	EndProjectSection
EndProject
Project("{8BC9CEB8-8B4A-11D0-8D11-00A0C91BC942}") = "Utility", "Utility\Utility.vcxproj", "{79B700FB-2407-4280-A89F-12B0ECCD2D0B}"
	ProjectSection(ProjectDependencies) = postProject
		{47C2EE88-18D4-4367-8E67-6DAA01AB4451} = {47C2EE88-18D4-4367-8E67-6DAA01AB4451}
	EndProjectSection
EndProject
Project("{9A19103F-16F7-4668-BE54-9A1E7A4F7556}") = "PostBuildTool", "PostBuildTool\PostBuildTool.csproj", "{CE569C03-02E0-48C0-9DE0-FF347D479E2F}"
EndProject
Project("{9A19103F-16F7-4668-BE54-9A1E7A4F7556}") = "ThMouseXServer", "ThMouseXServer\ThMouseXServer.csproj", "{85C40D1A-6337-41D8-BE38-B10DD73FB09E}"
	ProjectSection(ProjectDependencies) = postProject
		{CE569C03-02E0-48C0-9DE0-FF347D479E2F} = {CE569C03-02E0-48C0-9DE0-FF347D479E2F}
	EndProjectSection
EndProject
Project("{911E67C6-3D85-4FCE-B560-20A9C3E3FF48}") = "th10", "..\..\SteamLibrary\steamapps\common\th10\th10.exe", "{D79EDF9F-048F-46F2-9DF3-C6DD07F759F7}"
	ProjectSection(DebuggerProjectSystem) = preProject
		PortSupplier = 00000000-0000-0000-0000-000000000000
		Executable = D:\SteamLibrary\steamapps\common\th10\th10.exe
		RemoteMachine = VNLT072
		StartingDirectory = D:\SteamLibrary\steamapps\common\th10
		Environment = Default
		LaunchingEngine = 00000000-0000-0000-0000-000000000000
		UseLegacyDebugEngines = No
		LaunchSQLEngine = No
		AttachLaunchAction = No
		IORedirection = Auto
	EndProjectSection
EndProject
Global
	GlobalSection(SolutionConfigurationPlatforms) = preSolution
		Debug|x86 = Debug|x86
		Release|x86 = Release|x86
	EndGlobalSection
	GlobalSection(ProjectConfigurationPlatforms) = postSolution
		{256B0D2C-0296-4D8F-ADE8-79E544649D69}.Debug|x86.ActiveCfg = Debug|Win32
		{256B0D2C-0296-4D8F-ADE8-79E544649D69}.Debug|x86.Build.0 = Debug|Win32
		{256B0D2C-0296-4D8F-ADE8-79E544649D69}.Release|x86.ActiveCfg = Release|Win32
		{256B0D2C-0296-4D8F-ADE8-79E544649D69}.Release|x86.Build.0 = Release|Win32
		{47C2EE88-18D4-4367-8E67-6DAA01AB4451}.Debug|x86.ActiveCfg = Debug|Win32
		{47C2EE88-18D4-4367-8E67-6DAA01AB4451}.Debug|x86.Build.0 = Debug|Win32
		{47C2EE88-18D4-4367-8E67-6DAA01AB4451}.Release|x86.ActiveCfg = Release|Win32
		{47C2EE88-18D4-4367-8E67-6DAA01AB4451}.Release|x86.Build.0 = Release|Win32
		{081B19A5-F06F-45DB-8E83-391DD407DDA4}.Debug|x86.ActiveCfg = Debug|x86
		{081B19A5-F06F-45DB-8E83-391DD407DDA4}.Debug|x86.Build.0 = Debug|x86
		{081B19A5-F06F-45DB-8E83-391DD407DDA4}.Release|x86.ActiveCfg = Release|x86
		{D91DA069-F70E-4961-A49C-AB7CE1923FFD}.Debug|x86.ActiveCfg = Debug|x86
		{D91DA069-F70E-4961-A49C-AB7CE1923FFD}.Debug|x86.Build.0 = Debug|x86
		{D91DA069-F70E-4961-A49C-AB7CE1923FFD}.Release|x86.ActiveCfg = Release|x86
		{79B700FB-2407-4280-A89F-12B0ECCD2D0B}.Debug|x86.ActiveCfg = Debug|Win32
		{79B700FB-2407-4280-A89F-12B0ECCD2D0B}.Debug|x86.Build.0 = Debug|Win32
		{79B700FB-2407-4280-A89F-12B0ECCD2D0B}.Release|x86.ActiveCfg = Release|Win32
		{79B700FB-2407-4280-A89F-12B0ECCD2D0B}.Release|x86.Build.0 = Release|Win32
		{CE569C03-02E0-48C0-9DE0-FF347D479E2F}.Debug|x86.ActiveCfg = Debug|x86
		{CE569C03-02E0-48C0-9DE0-FF347D479E2F}.Debug|x86.Build.0 = Debug|x86
		{CE569C03-02E0-48C0-9DE0-FF347D479E2F}.Release|x86.ActiveCfg = Release|x86
		{85C40D1A-6337-41D8-BE38-B10DD73FB09E}.Debug|x86.ActiveCfg = Debug|x86
		{85C40D1A-6337-41D8-BE38-B10DD73FB09E}.Debug|x86.Build.0 = Debug|x86
		{85C40D1A-6337-41D8-BE38-B10DD73FB09E}.Release|x86.ActiveCfg = Release|x86
		{85C40D1A-6337-41D8-BE38-B10DD73FB09E}.Release|x86.Build.0 = Release|x86
		{D79EDF9F-048F-46F2-9DF3-C6DD07F759F7}.Debug|x86.ActiveCfg = Release|x86
		{D79EDF9F-048F-46F2-9DF3-C6DD07F759F7}.Release|x86.ActiveCfg = Release|x86
	EndGlobalSection
	GlobalSection(SolutionProperties) = preSolution
		HideSolutionNode = FALSE
	EndGlobalSection
	GlobalSection(NestedProjects) = preSolution
		{0BC970E8-88F7-409A-A19C-864968D63227} = {B337E9DD-BB1B-4851-B933-05C75CB5D9AC}
		{044C7786-B635-46BD-874B-EF75F6B0DE2B} = {0BC970E8-88F7-409A-A19C-864968D63227}
	EndGlobalSection
	GlobalSection(ExtensibilityGlobals) = postSolution
		SolutionGuid = {B04EB577-D4A9-409A-8E97-AC2E350FEE6B}
	EndGlobalSection
EndGlobal
