<?xml version="1.0" encoding="utf-8"?>
<Project ToolsVersion="4.0" xmlns="http://schemas.microsoft.com/developer/msbuild/2003">
  <ItemGroup>
    <Filter Include="Source Files">
      <UniqueIdentifier>{4FC737F1-C7A5-4376-A066-2A32D752A2FF}</UniqueIdentifier>
      <Extensions>cpp;c;cc;cxx;def;odl;idl;hpj;bat;asm;asmx</Extensions>
    </Filter>
    <Filter Include="Header Files">
      <UniqueIdentifier>{93995380-89BD-4b04-88EB-625FBE52EBFB}</UniqueIdentifier>
      <Extensions>h;hh;hpp;hxx;hm;inl;inc;xsd</Extensions>
    </Filter>
    <Filter Include="Resource Files">
      <UniqueIdentifier>{67DA6AB6-F800-4c08-8B7A-83BB121AAD01}</UniqueIdentifier>
      <Extensions>rc;ico;cur;bmp;dlg;rc2;rct;bin;rgs;gif;jpg;jpeg;jpe;resx;tiff;tif;png;wav;mfcribbon-ms</Extensions>
    </Filter>
  </ItemGroup>
  <ItemGroup>
    <ClCompile Include="apihijack.cpp">
      <Filter>Source Files</Filter>
    </ClCompile>
    <ClCompile Include="dllmain.cpp">
      <Filter>Source Files</Filter>
    </ClCompile>
    <ClCompile Include="global.cpp">
      <Filter>Source Files</Filter>
    </ClCompile>
    <ClCompile Include="MyDirect3DCreate9.cpp">
      <Filter>Source Files</Filter>
    </ClCompile>
    <ClCompile Include="MyDirectInput8Create.cpp">
      <Filter>Source Files</Filter>
    </ClCompile>
    <ClCompile Include="MyMmsystem.cpp">
      <Filter>Source Files</Filter>
    </ClCompile>
    <ClCompile Include="MyPeekMessageA.cpp">
      <Filter>Source Files</Filter>
    </ClCompile>
    <ClCompile Include="stdafx.cpp">
      <Filter>Source Files</Filter>
    </ClCompile>
    <ClCompile Include="ThDxHook.cpp">
      <Filter>Source Files</Filter>
    </ClCompile>
    <ClCompile Include="MyDirect3DCreate8.cpp">
      <Filter>Source Files</Filter>
    </ClCompile>
    <ClCompile Include="Line.cpp">
      <Filter>Source Files</Filter>
    </ClCompile>
    <ClCompile Include="MySetCursor.cpp">
      <Filter>Source Files</Filter>
    </ClCompile>
    <ClCompile Include="MyKeyboardState.cpp">
      <Filter>Source Files</Filter>
    </ClCompile>
    <ClCompile Include="CustomType.cpp">
      <Filter>Source Files</Filter>
    </ClCompile>
    <ClCompile Include="Helper.cpp">
      <Filter>Source Files</Filter>
    </ClCompile>
  </ItemGroup>
  <ItemGroup>
    <ClInclude Include="apihijack.h">
      <Filter>Header Files</Filter>
    </ClInclude>
    <ClInclude Include="GameConfigArray.h">
      <Filter>Header Files</Filter>
    </ClInclude>
    <ClInclude Include="global.h">
      <Filter>Header Files</Filter>
    </ClInclude>
    <ClInclude Include="MyDirect3D9.h">
      <Filter>Header Files</Filter>
    </ClInclude>
    <ClInclude Include="MyDirect3DCreate9.h">
      <Filter>Header Files</Filter>
    </ClInclude>
    <ClInclude Include="MyDirect3DDevice9.h">
      <Filter>Header Files</Filter>
    </ClInclude>
    <ClInclude Include="MyDirectInput8.h">
      <Filter>Header Files</Filter>
    </ClInclude>
    <ClInclude Include="MyDirectInput8Create.h">
      <Filter>Header Files</Filter>
    </ClInclude>
    <ClInclude Include="MyDirectInputDevice8.h">
      <Filter>Header Files</Filter>
    </ClInclude>
    <ClInclude Include="MyMmsystem.h">
      <Filter>Header Files</Filter>
    </ClInclude>
    <ClInclude Include="MyPeekMessageA.h">
      <Filter>Header Files</Filter>
    </ClInclude>
    <ClInclude Include="stdafx.h">
      <Filter>Header Files</Filter>
    </ClInclude>
    <ClInclude Include="targetver.h">
      <Filter>Header Files</Filter>
    </ClInclude>
    <ClInclude Include="ThDxHook.h">
      <Filter>Header Files</Filter>
    </ClInclude>
    <ClInclude Include="MyDirect3DCreate8.h">
      <Filter>Header Files</Filter>
    </ClInclude>
    <ClInclude Include="Line.h">
      <Filter>Header Files</Filter>
    </ClInclude>
    <ClInclude Include="MySetCursor.h">
      <Filter>Header Files</Filter>
    </ClInclude>
    <ClInclude Include="MyKeyboardState.h">
      <Filter>Header Files</Filter>
    </ClInclude>
    <ClInclude Include="MyDirectInputDeviceW.h">
      <Filter>Header Files</Filter>
    </ClInclude>
    <ClInclude Include="CustomType.h">
      <Filter>Header Files</Filter>
    </ClInclude>
    <ClInclude Include="Helper.h">
      <Filter>Header Files</Filter>
    </ClInclude>
  </ItemGroup>
</Project>