<?xml version="1.0" encoding="utf-8"?>
<Project ToolsVersion="4.0" xmlns="http://schemas.microsoft.com/developer/msbuild/2003">
  <ItemGroup>
    <Filter Include="Source Files">
      <UniqueIdentifier>{4FC737F1-C7A5-4376-A066-2A32D752A2FF}</UniqueIdentifier>
      <Extensions>cpp;c;cc;cxx;def;odl;idl;hpj;bat;asm;asmx</Extensions>
    </Filter>
    <Filter Include="Header Files">
      <UniqueIdentifier>{93995380-89BD-4b04-88EB-625FBE52EBFB}</UniqueIdentifier>
      <Extensions>h;hh;hpp;hxx;hm;inl;inc;xsd</Extensions>
    </Filter>
    <Filter Include="ConfigScripts">
      <UniqueIdentifier>{414e8165-770a-4036-b650-4667e5bc7051}</UniqueIdentifier>
    </Filter>
    <Filter Include="Shaders">
      <UniqueIdentifier>{b4b4eab4-3024-43c5-8146-beb21df6646d}</UniqueIdentifier>
    </Filter>
    <Filter Include="Source Files\ImGuiBackends">
      <UniqueIdentifier>{efbbb079-c356-439b-b22b-abb1be6e916a}</UniqueIdentifier>
    </Filter>
    <Filter Include="Header Files\ImGuiBackends">
      <UniqueIdentifier>{08e96f95-54ee-4c71-bfc5-79f8eadb402f}</UniqueIdentifier>
    </Filter>
    <Filter Include="Header Files\DirectX">
      <UniqueIdentifier>{35dc7ced-dfbc-442f-aa7a-451f5a50bdc7}</UniqueIdentifier>
    </Filter>
    <Filter Include="Source Files\DirectX">
      <UniqueIdentifier>{0779ef14-73a9-4fcc-b687-15ba5357a4c4}</UniqueIdentifier>
    </Filter>
    <Filter Include="Source Files\Input">
      <UniqueIdentifier>{cfc3b773-78d2-426b-aa2a-d39c38d67edb}</UniqueIdentifier>
    </Filter>
    <Filter Include="Header Files\Input">
      <UniqueIdentifier>{09199e59-765e-4c86-a69c-4b55cb7fe3c5}</UniqueIdentifier>
    </Filter>
  </ItemGroup>
  <ItemGroup>
    <ClCompile Include="DllMain.cpp">
      <Filter>Source Files</Filter>
    </ClCompile>
    <ClCompile Include="MessageQueue.cpp">
      <Filter>Source Files</Filter>
    </ClCompile>
    <ClCompile Include="CompilerConfig.cpp">
      <Filter>Source Files</Filter>
    </ClCompile>
    <ClCompile Include="Configuration.cpp">
      <Filter>Source Files</Filter>
    </ClCompile>
    <ClCompile Include="Initialization.cpp">
      <Filter>Source Files</Filter>
    </ClCompile>
    <ClCompile Include="ImGuiOverlay.cpp">
      <Filter>Source Files</Filter>
    </ClCompile>
    <ClCompile Include="imgui_impl_dx8.cpp">
      <Filter>Source Files\ImGuiBackends</Filter>
    </ClCompile>
    <ClCompile Include="imgui_impl_dx9.cpp">
      <Filter>Source Files\ImGuiBackends</Filter>
    </ClCompile>
    <ClCompile Include="imgui_impl_dx11.cpp">
      <Filter>Source Files\ImGuiBackends</Filter>
    </ClCompile>
    <ClCompile Include="imgui_impl_win32.cpp">
      <Filter>Source Files\ImGuiBackends</Filter>
    </ClCompile>
    <ClCompile Include="Direct3D8.cpp">
      <Filter>Source Files\DirectX</Filter>
    </ClCompile>
    <ClCompile Include="Direct3D9.cpp">
      <Filter>Source Files\DirectX</Filter>
    </ClCompile>
    <ClCompile Include="Direct3D11.cpp">
      <Filter>Source Files\DirectX</Filter>
    </ClCompile>
    <ClCompile Include="DirectInput.cpp">
      <Filter>Source Files\Input</Filter>
    </ClCompile>
    <ClCompile Include="InputDetermine.cpp">
      <Filter>Source Files\Input</Filter>
    </ClCompile>
    <ClCompile Include="KeyboardState.cpp">
      <Filter>Source Files\Input</Filter>
    </ClCompile>
    <ClCompile Include="SendKey.cpp">
      <Filter>Source Files\Input</Filter>
    </ClCompile>
  </ItemGroup>
  <ItemGroup>
    <ClInclude Include="framework.h">
      <Filter>Header Files</Filter>
    </ClInclude>
    <ClInclude Include="MessageQueue.h">
      <Filter>Header Files</Filter>
    </ClInclude>
    <ClInclude Include="Configuration.h">
      <Filter>Header Files</Filter>
    </ClInclude>
    <ClInclude Include="Initialization.h">
      <Filter>Header Files</Filter>
    </ClInclude>
    <ClInclude Include="ImGuiOverlay.h">
      <Filter>Header Files</Filter>
    </ClInclude>
    <ClInclude Include="imgui_impl_dx8.h">
      <Filter>Header Files\ImGuiBackends</Filter>
    </ClInclude>
    <ClInclude Include="imgui_impl_dx9.h">
      <Filter>Header Files\ImGuiBackends</Filter>
    </ClInclude>
    <ClInclude Include="imgui_impl_dx11.h">
      <Filter>Header Files\ImGuiBackends</Filter>
    </ClInclude>
    <ClInclude Include="imgui_impl_win32.h">
      <Filter>Header Files\ImGuiBackends</Filter>
    </ClInclude>
    <ClInclude Include="Direct3D8.h">
      <Filter>Header Files\DirectX</Filter>
    </ClInclude>
    <ClInclude Include="Direct3D9.h">
      <Filter>Header Files\DirectX</Filter>
    </ClInclude>
    <ClInclude Include="Direct3D11.h">
      <Filter>Header Files\DirectX</Filter>
    </ClInclude>
    <ClInclude Include="DirectInput.h">
      <Filter>Header Files\Input</Filter>
    </ClInclude>
    <ClInclude Include="KeyboardState.h">
      <Filter>Header Files\Input</Filter>
    </ClInclude>
    <ClInclude Include="SendKey.h">
      <Filter>Header Files\Input</Filter>
    </ClInclude>
    <ClInclude Include="InputDetermine.h">
      <Filter>Header Files\Input</Filter>
    </ClInclude>
    <ClInclude Include="resource.h">
      <Filter>Header Files</Filter>
    </ClInclude>
  </ItemGroup>
  <ItemGroup>
    <CopyFileToFolders Include="Cursor.png" />
    <CopyFileToFolders Include="Games.txt" />
    <CopyFileToFolders Include="Games2.txt" />
    <CopyFileToFolders Include="ThMouseX.ini" />
    <CopyFileToFolders Include="VirtualKeyCodes.txt" />
    <CopyFileToFolders Include="ConfigScripts/Danmakai.lua">
      <Filter>ConfigScripts</Filter>
    </CopyFileToFolders>
    <CopyFileToFolders Include="ConfigScripts/DFLYT.lua">
      <Filter>ConfigScripts</Filter>
    </CopyFileToFolders>
    <CopyFileToFolders Include="ConfigScripts/THMHJ.lua">
      <Filter>ConfigScripts</Filter>
    </CopyFileToFolders>
    <CopyFileToFolders Include="ConfigScripts/thWWW.lua">
      <Filter>ConfigScripts</Filter>
    </CopyFileToFolders>
  </ItemGroup>
  <ItemGroup>
    <FxCompile Include="AdditiveToneShader.hlsl">
      <Filter>Shaders</Filter>
    </FxCompile>
    <FxCompile Include="ImGuiVertexShader.hlsl">
      <Filter>Shaders</Filter>
    </FxCompile>
    <FxCompile Include="ImGuiPixelShader.hlsl">
      <Filter>Shaders</Filter>
    </FxCompile>
  </ItemGroup>
  <ItemGroup>
    <ResourceCompile Include="ThMouseX.rc" />
  </ItemGroup>
  <ItemGroup>
    <None Include="cpp.hint" />
  </ItemGroup>
</Project>